
Microsoft Visual Studio Solution File, Format Version 12.00
# Visual Studio 15
VisualStudioVersion = 15.0.27130.2010
MinimumVisualStudioVersion = 10.0.40219.1
Project("{8BC9CEB8-8B4A-11D0-8D11-00A0C91BC942}") = "SDA_Lab2", "SDA_Lab2\SDA_Lab2.vcxproj", "{B0ED5C97-5F01-40DD-92B8-5E1C58772533}"
EndProject
Global
	GlobalSection(SolutionConfigurationPlatforms) = preSolution
		Debug|x64 = Debug|x64
		Debug|x86 = Debug|x86
		Release|x64 = Release|x64
		Release|x86 = Release|x86
	EndGlobalSection
	GlobalSection(ProjectConfigurationPlatforms) = postSolution
		{B0ED5C97-5F01-40DD-92B8-5E1C58772533}.Debug|x64.ActiveCfg = Debug|x64
		{B0ED5C97-5F01-40DD-92B8-5E1C58772533}.Debug|x64.Build.0 = Debug|x64
		{B0ED5C97-5F01-40DD-92B8-5E1C58772533}.Debug|x86.ActiveCfg = Debug|Win32
		{B0ED5C97-5F01-40DD-92B8-5E1C58772533}.Debug|x86.Build.0 = Debug|Win32
		{B0ED5C97-5F01-40DD-92B8-5E1C58772533}.Release|x64.ActiveCfg = Release|x64
		{B0ED5C97-5F01-40DD-92B8-5E1C58772533}.Release|x64.Build.0 = Release|x64
		{B0ED5C97-5F01-40DD-92B8-5E1C58772533}.Release|x86.ActiveCfg = Release|Win32
		{B0ED5C97-5F01-40DD-92B8-5E1C58772533}.Release|x86.Build.0 = Release|Win32
	EndGlobalSection
	GlobalSection(SolutionProperties) = preSolution
		HideSolutionNode = FALSE
	EndGlobalSection
	GlobalSection(ExtensibilityGlobals) = postSolution
		SolutionGuid = {4F9604AD-489D-4094-A4E8-6D6043056656}
	EndGlobalSection
EndGlobal
