
Microsoft Visual Studio Solution File, Format Version 12.00
# Visual Studio 15
VisualStudioVersion = 15.0.27130.2010
MinimumVisualStudioVersion = 10.0.40219.1
Project("{8BC9CEB8-8B4A-11D0-8D11-00A0C91BC942}") = "is72_fridrikhson_04", "is72_fridrikhson_04\is72_fridrikhson_04.vcxproj", "{B9032B11-A29C-4446-9674-A7B803E1F3A9}"
EndProject
Global
	GlobalSection(SolutionConfigurationPlatforms) = preSolution
		Debug|x64 = Debug|x64
		Debug|x86 = Debug|x86
		Release|x64 = Release|x64
		Release|x86 = Release|x86
	EndGlobalSection
	GlobalSection(ProjectConfigurationPlatforms) = postSolution
		{B9032B11-A29C-4446-9674-A7B803E1F3A9}.Debug|x64.ActiveCfg = Debug|x64
		{B9032B11-A29C-4446-9674-A7B803E1F3A9}.Debug|x64.Build.0 = Debug|x64
		{B9032B11-A29C-4446-9674-A7B803E1F3A9}.Debug|x86.ActiveCfg = Debug|Win32
		{B9032B11-A29C-4446-9674-A7B803E1F3A9}.Debug|x86.Build.0 = Debug|Win32
		{B9032B11-A29C-4446-9674-A7B803E1F3A9}.Release|x64.ActiveCfg = Release|x64
		{B9032B11-A29C-4446-9674-A7B803E1F3A9}.Release|x64.Build.0 = Release|x64
		{B9032B11-A29C-4446-9674-A7B803E1F3A9}.Release|x86.ActiveCfg = Release|Win32
		{B9032B11-A29C-4446-9674-A7B803E1F3A9}.Release|x86.Build.0 = Release|Win32
	EndGlobalSection
	GlobalSection(SolutionProperties) = preSolution
		HideSolutionNode = FALSE
	EndGlobalSection
	GlobalSection(ExtensibilityGlobals) = postSolution
		SolutionGuid = {71663A8C-3D72-4ADC-A583-6CC42B4A33F7}
	EndGlobalSection
EndGlobal
